{
  "version": 4,
  "terraform_version": "1.5.2",
  "serial": 6,
  "lineage": "311c0de8-4cfc-d54c-8915-b988fe748618",
  "outputs": {},
  "resources": [
    {
      "mode": "managed",
      "type": "docker_image",
      "name": "nginx",
      "provider": "provider[\"registry.terraform.io/kreuzwerker/docker\"]",
      "instances": [
        {
          "schema_version": 0,
          "attributes": {
            "build": [],
            "force_remove": null,
            "id": "sha256:2002d33a54f72d1333751d4d1b4793a60a635eac6e94a98daf0acea501580c4fnginx",
            "image_id": "sha256:2002d33a54f72d1333751d4d1b4793a60a635eac6e94a98daf0acea501580c4f",
            "keep_locally": false,
            "name": "nginx",
            "platform": null,
            "pull_triggers": null,
            "repo_digest": "nginx@sha256:08bc36ad52474e528cc1ea3426b5e3f4bad8a130318e3140d6cfe29c8892c7ef",
            "triggers": null
          },
          "sensitive_attributes": [],
          "private": "bnVsbA=="
        }
      ]
    }
  ],
  "check_results": null
}
